
Microsoft Visual Studio Solution File, Format Version 12.00
# Visual Studio Version 16
VisualStudioVersion = 16.0.31515.178
MinimumVisualStudioVersion = 10.0.40219.1
Project("{8BC9CEB8-8B4A-11D0-8D11-00A0C91BC942}") = "Engine1", "Engine1.vcxproj", "{C3CC54FC-8AE1-4A78-8702-F2D4198ECC12}"
EndProject
Project("{8BC9CEB8-8B4A-11D0-8D11-00A0C91BC942}") = "Client-Demo", "..\Client-Demo\Client-Demo.vcxproj", "{282ADA26-7CC9-4FB3-A81A-2BD130D2474C}"
	ProjectSection(ProjectDependencies) = postProject
		{C3CC54FC-8AE1-4A78-8702-F2D4198ECC12} = {C3CC54FC-8AE1-4A78-8702-F2D4198ECC12}
	EndProjectSection
EndProject
Global
	GlobalSection(SolutionConfigurationPlatforms) = preSolution
		Debug|x64 = Debug|x64
		Debug|x86 = Debug|x86
		Release|x64 = Release|x64
		Release|x86 = Release|x86
	EndGlobalSection
	GlobalSection(ProjectConfigurationPlatforms) = postSolution
		{C3CC54FC-8AE1-4A78-8702-F2D4198ECC12}.Debug|x64.ActiveCfg = Debug|x64
		{C3CC54FC-8AE1-4A78-8702-F2D4198ECC12}.Debug|x64.Build.0 = Debug|x64
		{C3CC54FC-8AE1-4A78-8702-F2D4198ECC12}.Debug|x86.ActiveCfg = Debug|Win32
		{C3CC54FC-8AE1-4A78-8702-F2D4198ECC12}.Debug|x86.Build.0 = Debug|Win32
		{C3CC54FC-8AE1-4A78-8702-F2D4198ECC12}.Release|x64.ActiveCfg = Release|x64
		{C3CC54FC-8AE1-4A78-8702-F2D4198ECC12}.Release|x64.Build.0 = Release|x64
		{C3CC54FC-8AE1-4A78-8702-F2D4198ECC12}.Release|x86.ActiveCfg = Release|Win32
		{C3CC54FC-8AE1-4A78-8702-F2D4198ECC12}.Release|x86.Build.0 = Release|Win32
		{282ADA26-7CC9-4FB3-A81A-2BD130D2474C}.Debug|x64.ActiveCfg = Debug|x64
		{282ADA26-7CC9-4FB3-A81A-2BD130D2474C}.Debug|x64.Build.0 = Debug|x64
		{282ADA26-7CC9-4FB3-A81A-2BD130D2474C}.Debug|x86.ActiveCfg = Debug|Win32
		{282ADA26-7CC9-4FB3-A81A-2BD130D2474C}.Debug|x86.Build.0 = Debug|Win32
		{282ADA26-7CC9-4FB3-A81A-2BD130D2474C}.Release|x64.ActiveCfg = Release|x64
		{282ADA26-7CC9-4FB3-A81A-2BD130D2474C}.Release|x64.Build.0 = Release|x64
		{282ADA26-7CC9-4FB3-A81A-2BD130D2474C}.Release|x86.ActiveCfg = Release|Win32
		{282ADA26-7CC9-4FB3-A81A-2BD130D2474C}.Release|x86.Build.0 = Release|Win32
	EndGlobalSection
	GlobalSection(SolutionProperties) = preSolution
		HideSolutionNode = FALSE
	EndGlobalSection
	GlobalSection(ExtensibilityGlobals) = postSolution
		SolutionGuid = {9FDF7F71-99C1-4CD8-B259-D85D137AEBC6}
	EndGlobalSection
EndGlobal
